
Microsoft Visual Studio Solution File, Format Version 12.00
# Visual Studio Version 16
VisualStudioVersion = 16.0.30320.27
MinimumVisualStudioVersion = 10.0.40219.1
Project("{FAE04EC0-301F-11D3-BF4B-00C04F79EFBC}") = "CustomServersClient", "CustomServersClient\CustomServersClient.csproj", "{8424C5D8-334F-4CAB-B3C8-4D7635283B7F}"
EndProject
Global
	GlobalSection(SolutionConfigurationPlatforms) = preSolution
		Debug|Any CPU = Debug|Any CPU
		Release|Any CPU = Release|Any CPU
	EndGlobalSection
	GlobalSection(ProjectConfigurationPlatforms) = postSolution
		{8424C5D8-334F-4CAB-B3C8-4D7635283B7F}.Debug|Any CPU.ActiveCfg = Debug|Any CPU
		{8424C5D8-334F-4CAB-B3C8-4D7635283B7F}.Debug|Any CPU.Build.0 = Debug|Any CPU
		{8424C5D8-334F-4CAB-B3C8-4D7635283B7F}.Release|Any CPU.ActiveCfg = Release|Any CPU
		{8424C5D8-334F-4CAB-B3C8-4D7635283B7F}.Release|Any CPU.Build.0 = Release|Any CPU
	EndGlobalSection
	GlobalSection(SolutionProperties) = preSolution
		HideSolutionNode = FALSE
	EndGlobalSection
	GlobalSection(ExtensibilityGlobals) = postSolution
		SolutionGuid = {5940C64A-7B4D-4DE5-8214-0D585143E960}
	EndGlobalSection
EndGlobal
